
Microsoft Visual Studio Solution File, Format Version 12.00
# Visual Studio 14
VisualStudioVersion = 14.0.25420.1
MinimumVisualStudioVersion = 10.0.40219.1
Project("{FAE04EC0-301F-11D3-BF4B-00C04F79EFBC}") = "DataHelper", "DataHelper\DataHelper.csproj", "{755C5459-BCA4-4729-A93C-0C73A41BDF3C}"
EndProject
Project("{FAE04EC0-301F-11D3-BF4B-00C04F79EFBC}") = "NLogManager", "NLogManager\NLogManager.csproj", "{2B18E15B-8795-42B2-B752-093011AB56F0}"
EndProject
Project("{FAE04EC0-301F-11D3-BF4B-00C04F79EFBC}") = "EF.Oracle", "EF.Oracle\EF.Oracle.csproj", "{9F412D0C-2B54-4069-BDA7-684731C52AEA}"
EndProject
Project("{FAE04EC0-301F-11D3-BF4B-00C04F79EFBC}") = "ConsoleTest", "ConsoleTest\ConsoleTest.csproj", "{50AC7448-0041-4F63-A3B8-631EA25AEE6F}"
EndProject
Project("{FAE04EC0-301F-11D3-BF4B-00C04F79EFBC}") = "OraDataHelper_old", "OraDataHelper\OraDataHelper_old.csproj", "{EBA1CD39-6A81-4496-AAEF-BD6ACA80542A}"
EndProject
Global
	GlobalSection(SolutionConfigurationPlatforms) = preSolution
		Debug|Any CPU = Debug|Any CPU
		Debug|Itanium = Debug|Itanium
		Debug|x64 = Debug|x64
		Debug|x86 = Debug|x86
		djdebug|Any CPU = djdebug|Any CPU
		djdebug|Itanium = djdebug|Itanium
		djdebug|x64 = djdebug|x64
		djdebug|x86 = djdebug|x86
		Release|Any CPU = Release|Any CPU
		Release|Itanium = Release|Itanium
		Release|x64 = Release|x64
		Release|x86 = Release|x86
	EndGlobalSection
	GlobalSection(ProjectConfigurationPlatforms) = postSolution
		{755C5459-BCA4-4729-A93C-0C73A41BDF3C}.Debug|Any CPU.ActiveCfg = Debug|Any CPU
		{755C5459-BCA4-4729-A93C-0C73A41BDF3C}.Debug|Any CPU.Build.0 = Debug|Any CPU
		{755C5459-BCA4-4729-A93C-0C73A41BDF3C}.Debug|Itanium.ActiveCfg = Debug|Itanium
		{755C5459-BCA4-4729-A93C-0C73A41BDF3C}.Debug|Itanium.Build.0 = Debug|Itanium
		{755C5459-BCA4-4729-A93C-0C73A41BDF3C}.Debug|x64.ActiveCfg = Debug|x64
		{755C5459-BCA4-4729-A93C-0C73A41BDF3C}.Debug|x64.Build.0 = Debug|x64
		{755C5459-BCA4-4729-A93C-0C73A41BDF3C}.Debug|x86.ActiveCfg = Debug|x86
		{755C5459-BCA4-4729-A93C-0C73A41BDF3C}.Debug|x86.Build.0 = Debug|x86
		{755C5459-BCA4-4729-A93C-0C73A41BDF3C}.djdebug|Any CPU.ActiveCfg = Debug|Any CPU
		{755C5459-BCA4-4729-A93C-0C73A41BDF3C}.djdebug|Any CPU.Build.0 = Debug|Any CPU
		{755C5459-BCA4-4729-A93C-0C73A41BDF3C}.djdebug|Itanium.ActiveCfg = Debug|Itanium
		{755C5459-BCA4-4729-A93C-0C73A41BDF3C}.djdebug|Itanium.Build.0 = Debug|Itanium
		{755C5459-BCA4-4729-A93C-0C73A41BDF3C}.djdebug|x64.ActiveCfg = Debug|x64
		{755C5459-BCA4-4729-A93C-0C73A41BDF3C}.djdebug|x64.Build.0 = Debug|x64
		{755C5459-BCA4-4729-A93C-0C73A41BDF3C}.djdebug|x86.ActiveCfg = Debug|x86
		{755C5459-BCA4-4729-A93C-0C73A41BDF3C}.djdebug|x86.Build.0 = Debug|x86
		{755C5459-BCA4-4729-A93C-0C73A41BDF3C}.Release|Any CPU.ActiveCfg = Release|Any CPU
		{755C5459-BCA4-4729-A93C-0C73A41BDF3C}.Release|Any CPU.Build.0 = Release|Any CPU
		{755C5459-BCA4-4729-A93C-0C73A41BDF3C}.Release|Itanium.ActiveCfg = Release|Itanium
		{755C5459-BCA4-4729-A93C-0C73A41BDF3C}.Release|Itanium.Build.0 = Release|Itanium
		{755C5459-BCA4-4729-A93C-0C73A41BDF3C}.Release|x64.ActiveCfg = Release|x64
		{755C5459-BCA4-4729-A93C-0C73A41BDF3C}.Release|x64.Build.0 = Release|x64
		{755C5459-BCA4-4729-A93C-0C73A41BDF3C}.Release|x86.ActiveCfg = Release|x86
		{755C5459-BCA4-4729-A93C-0C73A41BDF3C}.Release|x86.Build.0 = Release|x86
		{2B18E15B-8795-42B2-B752-093011AB56F0}.Debug|Any CPU.ActiveCfg = Debug|Any CPU
		{2B18E15B-8795-42B2-B752-093011AB56F0}.Debug|Any CPU.Build.0 = Debug|Any CPU
		{2B18E15B-8795-42B2-B752-093011AB56F0}.Debug|Itanium.ActiveCfg = Debug|Itanium
		{2B18E15B-8795-42B2-B752-093011AB56F0}.Debug|Itanium.Build.0 = Debug|Itanium
		{2B18E15B-8795-42B2-B752-093011AB56F0}.Debug|x64.ActiveCfg = Debug|x64
		{2B18E15B-8795-42B2-B752-093011AB56F0}.Debug|x64.Build.0 = Debug|x64
		{2B18E15B-8795-42B2-B752-093011AB56F0}.Debug|x86.ActiveCfg = Debug|x86
		{2B18E15B-8795-42B2-B752-093011AB56F0}.Debug|x86.Build.0 = Debug|x86
		{2B18E15B-8795-42B2-B752-093011AB56F0}.djdebug|Any CPU.ActiveCfg = djdebug|Any CPU
		{2B18E15B-8795-42B2-B752-093011AB56F0}.djdebug|Any CPU.Build.0 = djdebug|Any CPU
		{2B18E15B-8795-42B2-B752-093011AB56F0}.djdebug|Itanium.ActiveCfg = djdebug|Itanium
		{2B18E15B-8795-42B2-B752-093011AB56F0}.djdebug|Itanium.Build.0 = djdebug|Itanium
		{2B18E15B-8795-42B2-B752-093011AB56F0}.djdebug|x64.ActiveCfg = djdebug|x64
		{2B18E15B-8795-42B2-B752-093011AB56F0}.djdebug|x64.Build.0 = djdebug|x64
		{2B18E15B-8795-42B2-B752-093011AB56F0}.djdebug|x86.ActiveCfg = djdebug|x86
		{2B18E15B-8795-42B2-B752-093011AB56F0}.djdebug|x86.Build.0 = djdebug|x86
		{2B18E15B-8795-42B2-B752-093011AB56F0}.Release|Any CPU.ActiveCfg = Release|Any CPU
		{2B18E15B-8795-42B2-B752-093011AB56F0}.Release|Any CPU.Build.0 = Release|Any CPU
		{2B18E15B-8795-42B2-B752-093011AB56F0}.Release|Itanium.ActiveCfg = Release|Itanium
		{2B18E15B-8795-42B2-B752-093011AB56F0}.Release|Itanium.Build.0 = Release|Itanium
		{2B18E15B-8795-42B2-B752-093011AB56F0}.Release|x64.ActiveCfg = Release|x64
		{2B18E15B-8795-42B2-B752-093011AB56F0}.Release|x64.Build.0 = Release|x64
		{2B18E15B-8795-42B2-B752-093011AB56F0}.Release|x86.ActiveCfg = Release|x86
		{2B18E15B-8795-42B2-B752-093011AB56F0}.Release|x86.Build.0 = Release|x86
		{9F412D0C-2B54-4069-BDA7-684731C52AEA}.Debug|Any CPU.ActiveCfg = Debug|Any CPU
		{9F412D0C-2B54-4069-BDA7-684731C52AEA}.Debug|Any CPU.Build.0 = Debug|Any CPU
		{9F412D0C-2B54-4069-BDA7-684731C52AEA}.Debug|Itanium.ActiveCfg = Debug|Any CPU
		{9F412D0C-2B54-4069-BDA7-684731C52AEA}.Debug|Itanium.Build.0 = Debug|Any CPU
		{9F412D0C-2B54-4069-BDA7-684731C52AEA}.Debug|x64.ActiveCfg = Debug|Any CPU
		{9F412D0C-2B54-4069-BDA7-684731C52AEA}.Debug|x64.Build.0 = Debug|Any CPU
		{9F412D0C-2B54-4069-BDA7-684731C52AEA}.Debug|x86.ActiveCfg = Debug|Any CPU
		{9F412D0C-2B54-4069-BDA7-684731C52AEA}.Debug|x86.Build.0 = Debug|Any CPU
		{9F412D0C-2B54-4069-BDA7-684731C52AEA}.djdebug|Any CPU.ActiveCfg = Debug|Any CPU
		{9F412D0C-2B54-4069-BDA7-684731C52AEA}.djdebug|Any CPU.Build.0 = Debug|Any CPU
		{9F412D0C-2B54-4069-BDA7-684731C52AEA}.djdebug|Itanium.ActiveCfg = Debug|Any CPU
		{9F412D0C-2B54-4069-BDA7-684731C52AEA}.djdebug|Itanium.Build.0 = Debug|Any CPU
		{9F412D0C-2B54-4069-BDA7-684731C52AEA}.djdebug|x64.ActiveCfg = Debug|Any CPU
		{9F412D0C-2B54-4069-BDA7-684731C52AEA}.djdebug|x64.Build.0 = Debug|Any CPU
		{9F412D0C-2B54-4069-BDA7-684731C52AEA}.djdebug|x86.ActiveCfg = Debug|Any CPU
		{9F412D0C-2B54-4069-BDA7-684731C52AEA}.djdebug|x86.Build.0 = Debug|Any CPU
		{9F412D0C-2B54-4069-BDA7-684731C52AEA}.Release|Any CPU.ActiveCfg = Release|Any CPU
		{9F412D0C-2B54-4069-BDA7-684731C52AEA}.Release|Any CPU.Build.0 = Release|Any CPU
		{9F412D0C-2B54-4069-BDA7-684731C52AEA}.Release|Itanium.ActiveCfg = Release|Any CPU
		{9F412D0C-2B54-4069-BDA7-684731C52AEA}.Release|Itanium.Build.0 = Release|Any CPU
		{9F412D0C-2B54-4069-BDA7-684731C52AEA}.Release|x64.ActiveCfg = Release|Any CPU
		{9F412D0C-2B54-4069-BDA7-684731C52AEA}.Release|x64.Build.0 = Release|Any CPU
		{9F412D0C-2B54-4069-BDA7-684731C52AEA}.Release|x86.ActiveCfg = Release|Any CPU
		{9F412D0C-2B54-4069-BDA7-684731C52AEA}.Release|x86.Build.0 = Release|Any CPU
		{50AC7448-0041-4F63-A3B8-631EA25AEE6F}.Debug|Any CPU.ActiveCfg = Debug|Any CPU
		{50AC7448-0041-4F63-A3B8-631EA25AEE6F}.Debug|Any CPU.Build.0 = Debug|Any CPU
		{50AC7448-0041-4F63-A3B8-631EA25AEE6F}.Debug|Itanium.ActiveCfg = Debug|Any CPU
		{50AC7448-0041-4F63-A3B8-631EA25AEE6F}.Debug|Itanium.Build.0 = Debug|Any CPU
		{50AC7448-0041-4F63-A3B8-631EA25AEE6F}.Debug|x64.ActiveCfg = Debug|Any CPU
		{50AC7448-0041-4F63-A3B8-631EA25AEE6F}.Debug|x64.Build.0 = Debug|Any CPU
		{50AC7448-0041-4F63-A3B8-631EA25AEE6F}.Debug|x86.ActiveCfg = Debug|Any CPU
		{50AC7448-0041-4F63-A3B8-631EA25AEE6F}.Debug|x86.Build.0 = Debug|Any CPU
		{50AC7448-0041-4F63-A3B8-631EA25AEE6F}.djdebug|Any CPU.ActiveCfg = Debug|Any CPU
		{50AC7448-0041-4F63-A3B8-631EA25AEE6F}.djdebug|Any CPU.Build.0 = Debug|Any CPU
		{50AC7448-0041-4F63-A3B8-631EA25AEE6F}.djdebug|Itanium.ActiveCfg = Debug|Any CPU
		{50AC7448-0041-4F63-A3B8-631EA25AEE6F}.djdebug|Itanium.Build.0 = Debug|Any CPU
		{50AC7448-0041-4F63-A3B8-631EA25AEE6F}.djdebug|x64.ActiveCfg = Debug|Any CPU
		{50AC7448-0041-4F63-A3B8-631EA25AEE6F}.djdebug|x64.Build.0 = Debug|Any CPU
		{50AC7448-0041-4F63-A3B8-631EA25AEE6F}.djdebug|x86.ActiveCfg = Debug|Any CPU
		{50AC7448-0041-4F63-A3B8-631EA25AEE6F}.djdebug|x86.Build.0 = Debug|Any CPU
		{50AC7448-0041-4F63-A3B8-631EA25AEE6F}.Release|Any CPU.ActiveCfg = Release|Any CPU
		{50AC7448-0041-4F63-A3B8-631EA25AEE6F}.Release|Any CPU.Build.0 = Release|Any CPU
		{50AC7448-0041-4F63-A3B8-631EA25AEE6F}.Release|Itanium.ActiveCfg = Release|Any CPU
		{50AC7448-0041-4F63-A3B8-631EA25AEE6F}.Release|Itanium.Build.0 = Release|Any CPU
		{50AC7448-0041-4F63-A3B8-631EA25AEE6F}.Release|x64.ActiveCfg = Release|Any CPU
		{50AC7448-0041-4F63-A3B8-631EA25AEE6F}.Release|x64.Build.0 = Release|Any CPU
		{50AC7448-0041-4F63-A3B8-631EA25AEE6F}.Release|x86.ActiveCfg = Release|Any CPU
		{50AC7448-0041-4F63-A3B8-631EA25AEE6F}.Release|x86.Build.0 = Release|Any CPU
		{EBA1CD39-6A81-4496-AAEF-BD6ACA80542A}.Debug|Any CPU.ActiveCfg = Debug|Any CPU
		{EBA1CD39-6A81-4496-AAEF-BD6ACA80542A}.Debug|Any CPU.Build.0 = Debug|Any CPU
		{EBA1CD39-6A81-4496-AAEF-BD6ACA80542A}.Debug|Itanium.ActiveCfg = Debug|Any CPU
		{EBA1CD39-6A81-4496-AAEF-BD6ACA80542A}.Debug|Itanium.Build.0 = Debug|Any CPU
		{EBA1CD39-6A81-4496-AAEF-BD6ACA80542A}.Debug|x64.ActiveCfg = Debug|Any CPU
		{EBA1CD39-6A81-4496-AAEF-BD6ACA80542A}.Debug|x64.Build.0 = Debug|Any CPU
		{EBA1CD39-6A81-4496-AAEF-BD6ACA80542A}.Debug|x86.ActiveCfg = Debug|Any CPU
		{EBA1CD39-6A81-4496-AAEF-BD6ACA80542A}.Debug|x86.Build.0 = Debug|Any CPU
		{EBA1CD39-6A81-4496-AAEF-BD6ACA80542A}.djdebug|Any CPU.ActiveCfg = Debug|Any CPU
		{EBA1CD39-6A81-4496-AAEF-BD6ACA80542A}.djdebug|Any CPU.Build.0 = Debug|Any CPU
		{EBA1CD39-6A81-4496-AAEF-BD6ACA80542A}.djdebug|Itanium.ActiveCfg = Debug|Any CPU
		{EBA1CD39-6A81-4496-AAEF-BD6ACA80542A}.djdebug|Itanium.Build.0 = Debug|Any CPU
		{EBA1CD39-6A81-4496-AAEF-BD6ACA80542A}.djdebug|x64.ActiveCfg = Debug|Any CPU
		{EBA1CD39-6A81-4496-AAEF-BD6ACA80542A}.djdebug|x64.Build.0 = Debug|Any CPU
		{EBA1CD39-6A81-4496-AAEF-BD6ACA80542A}.djdebug|x86.ActiveCfg = Debug|Any CPU
		{EBA1CD39-6A81-4496-AAEF-BD6ACA80542A}.djdebug|x86.Build.0 = Debug|Any CPU
		{EBA1CD39-6A81-4496-AAEF-BD6ACA80542A}.Release|Any CPU.ActiveCfg = Release|Any CPU
		{EBA1CD39-6A81-4496-AAEF-BD6ACA80542A}.Release|Any CPU.Build.0 = Release|Any CPU
		{EBA1CD39-6A81-4496-AAEF-BD6ACA80542A}.Release|Itanium.ActiveCfg = Release|Any CPU
		{EBA1CD39-6A81-4496-AAEF-BD6ACA80542A}.Release|Itanium.Build.0 = Release|Any CPU
		{EBA1CD39-6A81-4496-AAEF-BD6ACA80542A}.Release|x64.ActiveCfg = Release|Any CPU
		{EBA1CD39-6A81-4496-AAEF-BD6ACA80542A}.Release|x64.Build.0 = Release|Any CPU
		{EBA1CD39-6A81-4496-AAEF-BD6ACA80542A}.Release|x86.ActiveCfg = Release|Any CPU
		{EBA1CD39-6A81-4496-AAEF-BD6ACA80542A}.Release|x86.Build.0 = Release|Any CPU
	EndGlobalSection
	GlobalSection(SolutionProperties) = preSolution
		HideSolutionNode = FALSE
	EndGlobalSection
EndGlobal
